
Microsoft Visual Studio Solution File, Format Version 12.00
# Visual Studio Version 17
VisualStudioVersion = 17.14.36301.6
MinimumVisualStudioVersion = 10.0.40219.1
Project("{FAE04EC0-301F-11D3-BF4B-00C04F79EFBC}") = "SecurePass.API", "SecurePass.API\SecurePass.API.csproj", "{2BB9385E-11D0-466E-8034-8CFA54A6F153}"
EndProject
Project("{FAE04EC0-301F-11D3-BF4B-00C04F79EFBC}") = "SecurePass.Domain", "SecurePass.Domain\SecurePass.Domain.csproj", "{9709AEA7-AC3A-4420-BAD5-B6233F7A24D7}"
EndProject
Project("{FAE04EC0-301F-11D3-BF4B-00C04F79EFBC}") = "SecurePass.Infrastructure", "SecurePass.Infraestructure\SecurePass.Infrastructure.csproj", "{1D2C4236-A20F-4576-AD54-07263331A86E}"
EndProject
Project("{FAE04EC0-301F-11D3-BF4B-00C04F79EFBC}") = "SecurePass.Application", "SecurePass.Application\SecurePass.Application.csproj", "{77E6C04B-2B2E-4298-927F-34CD7EC2CBF8}"
EndProject
Global
	GlobalSection(SolutionConfigurationPlatforms) = preSolution
		Debug|Any CPU = Debug|Any CPU
		Release|Any CPU = Release|Any CPU
	EndGlobalSection
	GlobalSection(ProjectConfigurationPlatforms) = postSolution
		{2BB9385E-11D0-466E-8034-8CFA54A6F153}.Debug|Any CPU.ActiveCfg = Debug|Any CPU
		{2BB9385E-11D0-466E-8034-8CFA54A6F153}.Debug|Any CPU.Build.0 = Debug|Any CPU
		{2BB9385E-11D0-466E-8034-8CFA54A6F153}.Release|Any CPU.ActiveCfg = Release|Any CPU
		{2BB9385E-11D0-466E-8034-8CFA54A6F153}.Release|Any CPU.Build.0 = Release|Any CPU
		{9709AEA7-AC3A-4420-BAD5-B6233F7A24D7}.Debug|Any CPU.ActiveCfg = Debug|Any CPU
		{9709AEA7-AC3A-4420-BAD5-B6233F7A24D7}.Debug|Any CPU.Build.0 = Debug|Any CPU
		{9709AEA7-AC3A-4420-BAD5-B6233F7A24D7}.Release|Any CPU.ActiveCfg = Release|Any CPU
		{9709AEA7-AC3A-4420-BAD5-B6233F7A24D7}.Release|Any CPU.Build.0 = Release|Any CPU
		{1D2C4236-A20F-4576-AD54-07263331A86E}.Debug|Any CPU.ActiveCfg = Debug|Any CPU
		{1D2C4236-A20F-4576-AD54-07263331A86E}.Debug|Any CPU.Build.0 = Debug|Any CPU
		{1D2C4236-A20F-4576-AD54-07263331A86E}.Release|Any CPU.ActiveCfg = Release|Any CPU
		{1D2C4236-A20F-4576-AD54-07263331A86E}.Release|Any CPU.Build.0 = Release|Any CPU
		{77E6C04B-2B2E-4298-927F-34CD7EC2CBF8}.Debug|Any CPU.ActiveCfg = Debug|Any CPU
		{77E6C04B-2B2E-4298-927F-34CD7EC2CBF8}.Debug|Any CPU.Build.0 = Debug|Any CPU
		{77E6C04B-2B2E-4298-927F-34CD7EC2CBF8}.Release|Any CPU.ActiveCfg = Release|Any CPU
		{77E6C04B-2B2E-4298-927F-34CD7EC2CBF8}.Release|Any CPU.Build.0 = Release|Any CPU
	EndGlobalSection
	GlobalSection(SolutionProperties) = preSolution
		HideSolutionNode = FALSE
	EndGlobalSection
	GlobalSection(ExtensibilityGlobals) = postSolution
		SolutionGuid = {7073299F-A0B4-41F7-A870-9CBC9FF21A21}
	EndGlobalSection
EndGlobal
